
Microsoft Visual Studio Solution File, Format Version 12.00
# Visual Studio Version 16
VisualStudioVersion = 25.0.1705.3
MinimumVisualStudioVersion = 10.0.40219.1
Project("{FAE04EC0-301F-11D3-BF4B-00C04F79EFBC}") = "vizov_01", "vizov_01\vizov_01.csproj", "{A00F5D98-D301-417B-8E8F-1B7760DED43E}"
EndProject
Global
	GlobalSection(SolutionConfigurationPlatforms) = preSolution
		Debug|Any CPU = Debug|Any CPU
		Release|Any CPU = Release|Any CPU
	EndGlobalSection
	GlobalSection(ProjectConfigurationPlatforms) = postSolution
		{A00F5D98-D301-417B-8E8F-1B7760DED43E}.Debug|Any CPU.ActiveCfg = Debug|Any CPU
		{A00F5D98-D301-417B-8E8F-1B7760DED43E}.Debug|Any CPU.Build.0 = Debug|Any CPU
		{A00F5D98-D301-417B-8E8F-1B7760DED43E}.Release|Any CPU.ActiveCfg = Release|Any CPU
		{A00F5D98-D301-417B-8E8F-1B7760DED43E}.Release|Any CPU.Build.0 = Release|Any CPU
	EndGlobalSection
	GlobalSection(SolutionProperties) = preSolution
		HideSolutionNode = FALSE
	EndGlobalSection
	GlobalSection(ExtensibilityGlobals) = postSolution
		SolutionGuid = {160A60E5-B40E-446D-82E7-2DA5C3F20B35}
	EndGlobalSection
EndGlobal
