
Microsoft Visual Studio Solution File, Format Version 12.00
# Visual Studio Version 16
VisualStudioVersion = 25.0.1705.3
MinimumVisualStudioVersion = 10.0.40219.1
Project("{FAE04EC0-301F-11D3-BF4B-00C04F79EFBC}") = "Practice13", "Practice13\Practice13.csproj", "{D174DFF6-8689-47E6-A64A-82CC725A1B5D}"
EndProject
Global
	GlobalSection(SolutionConfigurationPlatforms) = preSolution
		Debug|Any CPU = Debug|Any CPU
		Release|Any CPU = Release|Any CPU
	EndGlobalSection
	GlobalSection(ProjectConfigurationPlatforms) = postSolution
		{D174DFF6-8689-47E6-A64A-82CC725A1B5D}.Debug|Any CPU.ActiveCfg = Debug|Any CPU
		{D174DFF6-8689-47E6-A64A-82CC725A1B5D}.Debug|Any CPU.Build.0 = Debug|Any CPU
		{D174DFF6-8689-47E6-A64A-82CC725A1B5D}.Release|Any CPU.ActiveCfg = Release|Any CPU
		{D174DFF6-8689-47E6-A64A-82CC725A1B5D}.Release|Any CPU.Build.0 = Release|Any CPU
	EndGlobalSection
	GlobalSection(SolutionProperties) = preSolution
		HideSolutionNode = FALSE
	EndGlobalSection
	GlobalSection(ExtensibilityGlobals) = postSolution
		SolutionGuid = {4126316A-41CA-4FA8-9A72-66A5065A1551}
	EndGlobalSection
EndGlobal
