
Microsoft Visual Studio Solution File, Format Version 12.00
# Visual Studio Version 16
VisualStudioVersion = 25.0.1705.3
MinimumVisualStudioVersion = 10.0.40219.1
Project("{FAE04EC0-301F-11D3-BF4B-00C04F79EFBC}") = "Homework10", "Homework10\Homework10.csproj", "{1E31D2F0-B6CF-42F3-991D-BCC17C26463E}"
EndProject
Global
	GlobalSection(SolutionConfigurationPlatforms) = preSolution
		Debug|Any CPU = Debug|Any CPU
		Release|Any CPU = Release|Any CPU
	EndGlobalSection
	GlobalSection(ProjectConfigurationPlatforms) = postSolution
		{1E31D2F0-B6CF-42F3-991D-BCC17C26463E}.Debug|Any CPU.ActiveCfg = Debug|Any CPU
		{1E31D2F0-B6CF-42F3-991D-BCC17C26463E}.Debug|Any CPU.Build.0 = Debug|Any CPU
		{1E31D2F0-B6CF-42F3-991D-BCC17C26463E}.Release|Any CPU.ActiveCfg = Release|Any CPU
		{1E31D2F0-B6CF-42F3-991D-BCC17C26463E}.Release|Any CPU.Build.0 = Release|Any CPU
	EndGlobalSection
	GlobalSection(SolutionProperties) = preSolution
		HideSolutionNode = FALSE
	EndGlobalSection
	GlobalSection(ExtensibilityGlobals) = postSolution
		SolutionGuid = {0DAA0928-9B7E-4FD8-B3E7-D177CEC91656}
	EndGlobalSection
EndGlobal
