
Microsoft Visual Studio Solution File, Format Version 12.00
# Visual Studio Version 16
VisualStudioVersion = 25.0.1705.3
MinimumVisualStudioVersion = 10.0.40219.1
Project("{FAE04EC0-301F-11D3-BF4B-00C04F79EFBC}") = "Homework4", "Homework4\Homework4.csproj", "{CC5F0F44-A169-4C73-9C2C-908265061B88}"
EndProject
Global
	GlobalSection(SolutionConfigurationPlatforms) = preSolution
		Debug|Any CPU = Debug|Any CPU
		Release|Any CPU = Release|Any CPU
	EndGlobalSection
	GlobalSection(ProjectConfigurationPlatforms) = postSolution
		{CC5F0F44-A169-4C73-9C2C-908265061B88}.Debug|Any CPU.ActiveCfg = Debug|Any CPU
		{CC5F0F44-A169-4C73-9C2C-908265061B88}.Debug|Any CPU.Build.0 = Debug|Any CPU
		{CC5F0F44-A169-4C73-9C2C-908265061B88}.Release|Any CPU.ActiveCfg = Release|Any CPU
		{CC5F0F44-A169-4C73-9C2C-908265061B88}.Release|Any CPU.Build.0 = Release|Any CPU
	EndGlobalSection
	GlobalSection(SolutionProperties) = preSolution
		HideSolutionNode = FALSE
	EndGlobalSection
	GlobalSection(ExtensibilityGlobals) = postSolution
		SolutionGuid = {C6098E19-4A80-407B-B52A-BA4C5C61D371}
	EndGlobalSection
EndGlobal
